
Microsoft Visual Studio Solution File, Format Version 12.00
# Visual Studio 15
VisualStudioVersion = 15.0.28307.572
MinimumVisualStudioVersion = 10.0.40219.1
Project("{FAE04EC0-301F-11D3-BF4B-00C04F79EFBC}") = "Ciclo.Android", "Ciclo\Ciclo.Android\Ciclo.Android.csproj", "{775B9A4A-1EBB-44DA-82DE-23DC7A869A05}"
EndProject
Project("{FAE04EC0-301F-11D3-BF4B-00C04F79EFBC}") = "Ciclo.iOS", "Ciclo\Ciclo.iOS\Ciclo.iOS.csproj", "{722B32B5-A709-4607-BC82-EA8EB29C50B7}"
EndProject
Project("{FAE04EC0-301F-11D3-BF4B-00C04F79EFBC}") = "Ciclo.UWP", "Ciclo\Ciclo.UWP\Ciclo.UWP.csproj", "{7D9E2785-79EA-4316-BBA9-4340F32DAB72}"
EndProject
Project("{FAE04EC0-301F-11D3-BF4B-00C04F79EFBC}") = "Ciclo", "Ciclo\Ciclo\Ciclo.csproj", "{62FBCD0F-B7CE-47BA-B40C-40730695FCFE}"
EndProject
Global
	GlobalSection(SolutionConfigurationPlatforms) = preSolution
		Ad-Hoc|Any CPU = Ad-Hoc|Any CPU
		Ad-Hoc|ARM = Ad-Hoc|ARM
		Ad-Hoc|iPhone = Ad-Hoc|iPhone
		Ad-Hoc|iPhoneSimulator = Ad-Hoc|iPhoneSimulator
		Ad-Hoc|x64 = Ad-Hoc|x64
		Ad-Hoc|x86 = Ad-Hoc|x86
		AppStore|Any CPU = AppStore|Any CPU
		AppStore|ARM = AppStore|ARM
		AppStore|iPhone = AppStore|iPhone
		AppStore|iPhoneSimulator = AppStore|iPhoneSimulator
		AppStore|x64 = AppStore|x64
		AppStore|x86 = AppStore|x86
		Debug|Any CPU = Debug|Any CPU
		Debug|ARM = Debug|ARM
		Debug|iPhone = Debug|iPhone
		Debug|iPhoneSimulator = Debug|iPhoneSimulator
		Debug|x64 = Debug|x64
		Debug|x86 = Debug|x86
		Release|Any CPU = Release|Any CPU
		Release|ARM = Release|ARM
		Release|iPhone = Release|iPhone
		Release|iPhoneSimulator = Release|iPhoneSimulator
		Release|x64 = Release|x64
		Release|x86 = Release|x86
	EndGlobalSection
	GlobalSection(ProjectConfigurationPlatforms) = postSolution
		{775B9A4A-1EBB-44DA-82DE-23DC7A869A05}.Ad-Hoc|Any CPU.ActiveCfg = Release|Any CPU
		{775B9A4A-1EBB-44DA-82DE-23DC7A869A05}.Ad-Hoc|Any CPU.Build.0 = Release|Any CPU
		{775B9A4A-1EBB-44DA-82DE-23DC7A869A05}.Ad-Hoc|Any CPU.Deploy.0 = Release|Any CPU
		{775B9A4A-1EBB-44DA-82DE-23DC7A869A05}.Ad-Hoc|ARM.ActiveCfg = Release|Any CPU
		{775B9A4A-1EBB-44DA-82DE-23DC7A869A05}.Ad-Hoc|ARM.Build.0 = Release|Any CPU
		{775B9A4A-1EBB-44DA-82DE-23DC7A869A05}.Ad-Hoc|ARM.Deploy.0 = Release|Any CPU
		{775B9A4A-1EBB-44DA-82DE-23DC7A869A05}.Ad-Hoc|iPhone.ActiveCfg = Release|Any CPU
		{775B9A4A-1EBB-44DA-82DE-23DC7A869A05}.Ad-Hoc|iPhone.Build.0 = Release|Any CPU
		{775B9A4A-1EBB-44DA-82DE-23DC7A869A05}.Ad-Hoc|iPhone.Deploy.0 = Release|Any CPU
		{775B9A4A-1EBB-44DA-82DE-23DC7A869A05}.Ad-Hoc|iPhoneSimulator.ActiveCfg = Release|Any CPU
		{775B9A4A-1EBB-44DA-82DE-23DC7A869A05}.Ad-Hoc|iPhoneSimulator.Build.0 = Release|Any CPU
		{775B9A4A-1EBB-44DA-82DE-23DC7A869A05}.Ad-Hoc|iPhoneSimulator.Deploy.0 = Release|Any CPU
		{775B9A4A-1EBB-44DA-82DE-23DC7A869A05}.Ad-Hoc|x64.ActiveCfg = Release|Any CPU
		{775B9A4A-1EBB-44DA-82DE-23DC7A869A05}.Ad-Hoc|x64.Build.0 = Release|Any CPU
		{775B9A4A-1EBB-44DA-82DE-23DC7A869A05}.Ad-Hoc|x64.Deploy.0 = Release|Any CPU
		{775B9A4A-1EBB-44DA-82DE-23DC7A869A05}.Ad-Hoc|x86.ActiveCfg = Release|Any CPU
		{775B9A4A-1EBB-44DA-82DE-23DC7A869A05}.Ad-Hoc|x86.Build.0 = Release|Any CPU
		{775B9A4A-1EBB-44DA-82DE-23DC7A869A05}.Ad-Hoc|x86.Deploy.0 = Release|Any CPU
		{775B9A4A-1EBB-44DA-82DE-23DC7A869A05}.AppStore|Any CPU.ActiveCfg = Release|Any CPU
		{775B9A4A-1EBB-44DA-82DE-23DC7A869A05}.AppStore|Any CPU.Build.0 = Release|Any CPU
		{775B9A4A-1EBB-44DA-82DE-23DC7A869A05}.AppStore|Any CPU.Deploy.0 = Release|Any CPU
		{775B9A4A-1EBB-44DA-82DE-23DC7A869A05}.AppStore|ARM.ActiveCfg = Release|Any CPU
		{775B9A4A-1EBB-44DA-82DE-23DC7A869A05}.AppStore|ARM.Build.0 = Release|Any CPU
		{775B9A4A-1EBB-44DA-82DE-23DC7A869A05}.AppStore|ARM.Deploy.0 = Release|Any CPU
		{775B9A4A-1EBB-44DA-82DE-23DC7A869A05}.AppStore|iPhone.ActiveCfg = Release|Any CPU
		{775B9A4A-1EBB-44DA-82DE-23DC7A869A05}.AppStore|iPhone.Build.0 = Release|Any CPU
		{775B9A4A-1EBB-44DA-82DE-23DC7A869A05}.AppStore|iPhone.Deploy.0 = Release|Any CPU
		{775B9A4A-1EBB-44DA-82DE-23DC7A869A05}.AppStore|iPhoneSimulator.ActiveCfg = Release|Any CPU
		{775B9A4A-1EBB-44DA-82DE-23DC7A869A05}.AppStore|iPhoneSimulator.Build.0 = Release|Any CPU
		{775B9A4A-1EBB-44DA-82DE-23DC7A869A05}.AppStore|iPhoneSimulator.Deploy.0 = Release|Any CPU
		{775B9A4A-1EBB-44DA-82DE-23DC7A869A05}.AppStore|x64.ActiveCfg = Release|Any CPU
		{775B9A4A-1EBB-44DA-82DE-23DC7A869A05}.AppStore|x64.Build.0 = Release|Any CPU
		{775B9A4A-1EBB-44DA-82DE-23DC7A869A05}.AppStore|x64.Deploy.0 = Release|Any CPU
		{775B9A4A-1EBB-44DA-82DE-23DC7A869A05}.AppStore|x86.ActiveCfg = Release|Any CPU
		{775B9A4A-1EBB-44DA-82DE-23DC7A869A05}.AppStore|x86.Build.0 = Release|Any CPU
		{775B9A4A-1EBB-44DA-82DE-23DC7A869A05}.AppStore|x86.Deploy.0 = Release|Any CPU
		{775B9A4A-1EBB-44DA-82DE-23DC7A869A05}.Debug|Any CPU.ActiveCfg = Debug|Any CPU
		{775B9A4A-1EBB-44DA-82DE-23DC7A869A05}.Debug|Any CPU.Build.0 = Debug|Any CPU
		{775B9A4A-1EBB-44DA-82DE-23DC7A869A05}.Debug|Any CPU.Deploy.0 = Debug|Any CPU
		{775B9A4A-1EBB-44DA-82DE-23DC7A869A05}.Debug|ARM.ActiveCfg = Debug|Any CPU
		{775B9A4A-1EBB-44DA-82DE-23DC7A869A05}.Debug|ARM.Build.0 = Debug|Any CPU
		{775B9A4A-1EBB-44DA-82DE-23DC7A869A05}.Debug|ARM.Deploy.0 = Debug|Any CPU
		{775B9A4A-1EBB-44DA-82DE-23DC7A869A05}.Debug|iPhone.ActiveCfg = Debug|Any CPU
		{775B9A4A-1EBB-44DA-82DE-23DC7A869A05}.Debug|iPhone.Build.0 = Debug|Any CPU
		{775B9A4A-1EBB-44DA-82DE-23DC7A869A05}.Debug|iPhone.Deploy.0 = Debug|Any CPU
		{775B9A4A-1EBB-44DA-82DE-23DC7A869A05}.Debug|iPhoneSimulator.ActiveCfg = Debug|Any CPU
		{775B9A4A-1EBB-44DA-82DE-23DC7A869A05}.Debug|iPhoneSimulator.Build.0 = Debug|Any CPU
		{775B9A4A-1EBB-44DA-82DE-23DC7A869A05}.Debug|iPhoneSimulator.Deploy.0 = Debug|Any CPU
		{775B9A4A-1EBB-44DA-82DE-23DC7A869A05}.Debug|x64.ActiveCfg = Debug|Any CPU
		{775B9A4A-1EBB-44DA-82DE-23DC7A869A05}.Debug|x64.Build.0 = Debug|Any CPU
		{775B9A4A-1EBB-44DA-82DE-23DC7A869A05}.Debug|x64.Deploy.0 = Debug|Any CPU
		{775B9A4A-1EBB-44DA-82DE-23DC7A869A05}.Debug|x86.ActiveCfg = Debug|Any CPU
		{775B9A4A-1EBB-44DA-82DE-23DC7A869A05}.Debug|x86.Build.0 = Debug|Any CPU
		{775B9A4A-1EBB-44DA-82DE-23DC7A869A05}.Debug|x86.Deploy.0 = Debug|Any CPU
		{775B9A4A-1EBB-44DA-82DE-23DC7A869A05}.Release|Any CPU.ActiveCfg = Release|Any CPU
		{775B9A4A-1EBB-44DA-82DE-23DC7A869A05}.Release|Any CPU.Build.0 = Release|Any CPU
		{775B9A4A-1EBB-44DA-82DE-23DC7A869A05}.Release|Any CPU.Deploy.0 = Release|Any CPU
		{775B9A4A-1EBB-44DA-82DE-23DC7A869A05}.Release|ARM.ActiveCfg = Release|Any CPU
		{775B9A4A-1EBB-44DA-82DE-23DC7A869A05}.Release|ARM.Build.0 = Release|Any CPU
		{775B9A4A-1EBB-44DA-82DE-23DC7A869A05}.Release|ARM.Deploy.0 = Release|Any CPU
		{775B9A4A-1EBB-44DA-82DE-23DC7A869A05}.Release|iPhone.ActiveCfg = Release|Any CPU
		{775B9A4A-1EBB-44DA-82DE-23DC7A869A05}.Release|iPhone.Build.0 = Release|Any CPU
		{775B9A4A-1EBB-44DA-82DE-23DC7A869A05}.Release|iPhone.Deploy.0 = Release|Any CPU
		{775B9A4A-1EBB-44DA-82DE-23DC7A869A05}.Release|iPhoneSimulator.ActiveCfg = Release|Any CPU
		{775B9A4A-1EBB-44DA-82DE-23DC7A869A05}.Release|iPhoneSimulator.Build.0 = Release|Any CPU
		{775B9A4A-1EBB-44DA-82DE-23DC7A869A05}.Release|iPhoneSimulator.Deploy.0 = Release|Any CPU
		{775B9A4A-1EBB-44DA-82DE-23DC7A869A05}.Release|x64.ActiveCfg = Release|Any CPU
		{775B9A4A-1EBB-44DA-82DE-23DC7A869A05}.Release|x64.Build.0 = Release|Any CPU
		{775B9A4A-1EBB-44DA-82DE-23DC7A869A05}.Release|x64.Deploy.0 = Release|Any CPU
		{775B9A4A-1EBB-44DA-82DE-23DC7A869A05}.Release|x86.ActiveCfg = Release|Any CPU
		{775B9A4A-1EBB-44DA-82DE-23DC7A869A05}.Release|x86.Build.0 = Release|Any CPU
		{775B9A4A-1EBB-44DA-82DE-23DC7A869A05}.Release|x86.Deploy.0 = Release|Any CPU
		{722B32B5-A709-4607-BC82-EA8EB29C50B7}.Ad-Hoc|Any CPU.ActiveCfg = Ad-Hoc|iPhone
		{722B32B5-A709-4607-BC82-EA8EB29C50B7}.Ad-Hoc|Any CPU.Build.0 = Ad-Hoc|iPhone
		{722B32B5-A709-4607-BC82-EA8EB29C50B7}.Ad-Hoc|Any CPU.Deploy.0 = Ad-Hoc|iPhone
		{722B32B5-A709-4607-BC82-EA8EB29C50B7}.Ad-Hoc|ARM.ActiveCfg = Ad-Hoc|iPhone
		{722B32B5-A709-4607-BC82-EA8EB29C50B7}.Ad-Hoc|ARM.Build.0 = Ad-Hoc|iPhone
		{722B32B5-A709-4607-BC82-EA8EB29C50B7}.Ad-Hoc|ARM.Deploy.0 = Ad-Hoc|iPhone
		{722B32B5-A709-4607-BC82-EA8EB29C50B7}.Ad-Hoc|iPhone.ActiveCfg = Ad-Hoc|iPhone
		{722B32B5-A709-4607-BC82-EA8EB29C50B7}.Ad-Hoc|iPhone.Build.0 = Ad-Hoc|iPhone
		{722B32B5-A709-4607-BC82-EA8EB29C50B7}.Ad-Hoc|iPhone.Deploy.0 = Ad-Hoc|iPhone
		{722B32B5-A709-4607-BC82-EA8EB29C50B7}.Ad-Hoc|iPhoneSimulator.ActiveCfg = Ad-Hoc|iPhoneSimulator
		{722B32B5-A709-4607-BC82-EA8EB29C50B7}.Ad-Hoc|iPhoneSimulator.Build.0 = Ad-Hoc|iPhoneSimulator
		{722B32B5-A709-4607-BC82-EA8EB29C50B7}.Ad-Hoc|iPhoneSimulator.Deploy.0 = Ad-Hoc|iPhoneSimulator
		{722B32B5-A709-4607-BC82-EA8EB29C50B7}.Ad-Hoc|x64.ActiveCfg = Ad-Hoc|iPhone
		{722B32B5-A709-4607-BC82-EA8EB29C50B7}.Ad-Hoc|x64.Build.0 = Ad-Hoc|iPhone
		{722B32B5-A709-4607-BC82-EA8EB29C50B7}.Ad-Hoc|x64.Deploy.0 = Ad-Hoc|iPhone
		{722B32B5-A709-4607-BC82-EA8EB29C50B7}.Ad-Hoc|x86.ActiveCfg = Ad-Hoc|iPhone
		{722B32B5-A709-4607-BC82-EA8EB29C50B7}.Ad-Hoc|x86.Build.0 = Ad-Hoc|iPhone
		{722B32B5-A709-4607-BC82-EA8EB29C50B7}.Ad-Hoc|x86.Deploy.0 = Ad-Hoc|iPhone
		{722B32B5-A709-4607-BC82-EA8EB29C50B7}.AppStore|Any CPU.ActiveCfg = AppStore|iPhone
		{722B32B5-A709-4607-BC82-EA8EB29C50B7}.AppStore|Any CPU.Build.0 = AppStore|iPhone
		{722B32B5-A709-4607-BC82-EA8EB29C50B7}.AppStore|Any CPU.Deploy.0 = AppStore|iPhone
		{722B32B5-A709-4607-BC82-EA8EB29C50B7}.AppStore|ARM.ActiveCfg = AppStore|iPhone
		{722B32B5-A709-4607-BC82-EA8EB29C50B7}.AppStore|ARM.Build.0 = AppStore|iPhone
		{722B32B5-A709-4607-BC82-EA8EB29C50B7}.AppStore|ARM.Deploy.0 = AppStore|iPhone
		{722B32B5-A709-4607-BC82-EA8EB29C50B7}.AppStore|iPhone.ActiveCfg = AppStore|iPhone
		{722B32B5-A709-4607-BC82-EA8EB29C50B7}.AppStore|iPhone.Build.0 = AppStore|iPhone
		{722B32B5-A709-4607-BC82-EA8EB29C50B7}.AppStore|iPhone.Deploy.0 = AppStore|iPhone
		{722B32B5-A709-4607-BC82-EA8EB29C50B7}.AppStore|iPhoneSimulator.ActiveCfg = AppStore|iPhoneSimulator
		{722B32B5-A709-4607-BC82-EA8EB29C50B7}.AppStore|iPhoneSimulator.Build.0 = AppStore|iPhoneSimulator
		{722B32B5-A709-4607-BC82-EA8EB29C50B7}.AppStore|iPhoneSimulator.Deploy.0 = AppStore|iPhoneSimulator
		{722B32B5-A709-4607-BC82-EA8EB29C50B7}.AppStore|x64.ActiveCfg = AppStore|iPhone
		{722B32B5-A709-4607-BC82-EA8EB29C50B7}.AppStore|x64.Build.0 = AppStore|iPhone
		{722B32B5-A709-4607-BC82-EA8EB29C50B7}.AppStore|x64.Deploy.0 = AppStore|iPhone
		{722B32B5-A709-4607-BC82-EA8EB29C50B7}.AppStore|x86.ActiveCfg = AppStore|iPhone
		{722B32B5-A709-4607-BC82-EA8EB29C50B7}.AppStore|x86.Build.0 = AppStore|iPhone
		{722B32B5-A709-4607-BC82-EA8EB29C50B7}.AppStore|x86.Deploy.0 = AppStore|iPhone
		{722B32B5-A709-4607-BC82-EA8EB29C50B7}.Debug|Any CPU.ActiveCfg = Debug|iPhoneSimulator
		{722B32B5-A709-4607-BC82-EA8EB29C50B7}.Debug|Any CPU.Build.0 = Debug|iPhoneSimulator
		{722B32B5-A709-4607-BC82-EA8EB29C50B7}.Debug|Any CPU.Deploy.0 = Debug|iPhoneSimulator
		{722B32B5-A709-4607-BC82-EA8EB29C50B7}.Debug|ARM.ActiveCfg = Debug|iPhone
		{722B32B5-A709-4607-BC82-EA8EB29C50B7}.Debug|ARM.Build.0 = Debug|iPhone
		{722B32B5-A709-4607-BC82-EA8EB29C50B7}.Debug|ARM.Deploy.0 = Debug|iPhone
		{722B32B5-A709-4607-BC82-EA8EB29C50B7}.Debug|iPhone.ActiveCfg = Debug|iPhone
		{722B32B5-A709-4607-BC82-EA8EB29C50B7}.Debug|iPhone.Build.0 = Debug|iPhone
		{722B32B5-A709-4607-BC82-EA8EB29C50B7}.Debug|iPhone.Deploy.0 = Debug|iPhone
		{722B32B5-A709-4607-BC82-EA8EB29C50B7}.Debug|iPhoneSimulator.ActiveCfg = Debug|iPhoneSimulator
		{722B32B5-A709-4607-BC82-EA8EB29C50B7}.Debug|iPhoneSimulator.Build.0 = Debug|iPhoneSimulator
		{722B32B5-A709-4607-BC82-EA8EB29C50B7}.Debug|iPhoneSimulator.Deploy.0 = Debug|iPhoneSimulator
		{722B32B5-A709-4607-BC82-EA8EB29C50B7}.Debug|x64.ActiveCfg = Debug|iPhone
		{722B32B5-A709-4607-BC82-EA8EB29C50B7}.Debug|x64.Build.0 = Debug|iPhone
		{722B32B5-A709-4607-BC82-EA8EB29C50B7}.Debug|x64.Deploy.0 = Debug|iPhone
		{722B32B5-A709-4607-BC82-EA8EB29C50B7}.Debug|x86.ActiveCfg = Debug|iPhone
		{722B32B5-A709-4607-BC82-EA8EB29C50B7}.Debug|x86.Build.0 = Debug|iPhone
		{722B32B5-A709-4607-BC82-EA8EB29C50B7}.Debug|x86.Deploy.0 = Debug|iPhone
		{722B32B5-A709-4607-BC82-EA8EB29C50B7}.Release|Any CPU.ActiveCfg = Release|iPhone
		{722B32B5-A709-4607-BC82-EA8EB29C50B7}.Release|Any CPU.Build.0 = Release|iPhone
		{722B32B5-A709-4607-BC82-EA8EB29C50B7}.Release|Any CPU.Deploy.0 = Release|iPhone
		{722B32B5-A709-4607-BC82-EA8EB29C50B7}.Release|ARM.ActiveCfg = Release|iPhone
		{722B32B5-A709-4607-BC82-EA8EB29C50B7}.Release|ARM.Build.0 = Release|iPhone
		{722B32B5-A709-4607-BC82-EA8EB29C50B7}.Release|ARM.Deploy.0 = Release|iPhone
		{722B32B5-A709-4607-BC82-EA8EB29C50B7}.Release|iPhone.ActiveCfg = Release|iPhone
		{722B32B5-A709-4607-BC82-EA8EB29C50B7}.Release|iPhone.Build.0 = Release|iPhone
		{722B32B5-A709-4607-BC82-EA8EB29C50B7}.Release|iPhone.Deploy.0 = Release|iPhone
		{722B32B5-A709-4607-BC82-EA8EB29C50B7}.Release|iPhoneSimulator.ActiveCfg = Release|iPhoneSimulator
		{722B32B5-A709-4607-BC82-EA8EB29C50B7}.Release|iPhoneSimulator.Build.0 = Release|iPhoneSimulator
		{722B32B5-A709-4607-BC82-EA8EB29C50B7}.Release|iPhoneSimulator.Deploy.0 = Release|iPhoneSimulator
		{722B32B5-A709-4607-BC82-EA8EB29C50B7}.Release|x64.ActiveCfg = Release|iPhone
		{722B32B5-A709-4607-BC82-EA8EB29C50B7}.Release|x64.Build.0 = Release|iPhone
		{722B32B5-A709-4607-BC82-EA8EB29C50B7}.Release|x64.Deploy.0 = Release|iPhone
		{722B32B5-A709-4607-BC82-EA8EB29C50B7}.Release|x86.ActiveCfg = Release|iPhone
		{722B32B5-A709-4607-BC82-EA8EB29C50B7}.Release|x86.Build.0 = Release|iPhone
		{722B32B5-A709-4607-BC82-EA8EB29C50B7}.Release|x86.Deploy.0 = Release|iPhone
		{7D9E2785-79EA-4316-BBA9-4340F32DAB72}.Ad-Hoc|Any CPU.ActiveCfg = Release|x86
		{7D9E2785-79EA-4316-BBA9-4340F32DAB72}.Ad-Hoc|Any CPU.Build.0 = Release|x86
		{7D9E2785-79EA-4316-BBA9-4340F32DAB72}.Ad-Hoc|Any CPU.Deploy.0 = Release|x86
		{7D9E2785-79EA-4316-BBA9-4340F32DAB72}.Ad-Hoc|ARM.ActiveCfg = Release|ARM
		{7D9E2785-79EA-4316-BBA9-4340F32DAB72}.Ad-Hoc|ARM.Build.0 = Release|ARM
		{7D9E2785-79EA-4316-BBA9-4340F32DAB72}.Ad-Hoc|ARM.Deploy.0 = Release|ARM
		{7D9E2785-79EA-4316-BBA9-4340F32DAB72}.Ad-Hoc|iPhone.ActiveCfg = Release|x86
		{7D9E2785-79EA-4316-BBA9-4340F32DAB72}.Ad-Hoc|iPhone.Build.0 = Release|x86
		{7D9E2785-79EA-4316-BBA9-4340F32DAB72}.Ad-Hoc|iPhone.Deploy.0 = Release|x86
		{7D9E2785-79EA-4316-BBA9-4340F32DAB72}.Ad-Hoc|iPhoneSimulator.ActiveCfg = Release|x86
		{7D9E2785-79EA-4316-BBA9-4340F32DAB72}.Ad-Hoc|iPhoneSimulator.Build.0 = Release|x86
		{7D9E2785-79EA-4316-BBA9-4340F32DAB72}.Ad-Hoc|iPhoneSimulator.Deploy.0 = Release|x86
		{7D9E2785-79EA-4316-BBA9-4340F32DAB72}.Ad-Hoc|x64.ActiveCfg = Release|x64
		{7D9E2785-79EA-4316-BBA9-4340F32DAB72}.Ad-Hoc|x64.Build.0 = Release|x64
		{7D9E2785-79EA-4316-BBA9-4340F32DAB72}.Ad-Hoc|x64.Deploy.0 = Release|x64
		{7D9E2785-79EA-4316-BBA9-4340F32DAB72}.Ad-Hoc|x86.ActiveCfg = Release|x86
		{7D9E2785-79EA-4316-BBA9-4340F32DAB72}.Ad-Hoc|x86.Build.0 = Release|x86
		{7D9E2785-79EA-4316-BBA9-4340F32DAB72}.Ad-Hoc|x86.Deploy.0 = Release|x86
		{7D9E2785-79EA-4316-BBA9-4340F32DAB72}.AppStore|Any CPU.ActiveCfg = Release|x86
		{7D9E2785-79EA-4316-BBA9-4340F32DAB72}.AppStore|Any CPU.Build.0 = Release|x86
		{7D9E2785-79EA-4316-BBA9-4340F32DAB72}.AppStore|Any CPU.Deploy.0 = Release|x86
		{7D9E2785-79EA-4316-BBA9-4340F32DAB72}.AppStore|ARM.ActiveCfg = Release|ARM
		{7D9E2785-79EA-4316-BBA9-4340F32DAB72}.AppStore|ARM.Build.0 = Release|ARM
		{7D9E2785-79EA-4316-BBA9-4340F32DAB72}.AppStore|ARM.Deploy.0 = Release|ARM
		{7D9E2785-79EA-4316-BBA9-4340F32DAB72}.AppStore|iPhone.ActiveCfg = Release|x86
		{7D9E2785-79EA-4316-BBA9-4340F32DAB72}.AppStore|iPhone.Build.0 = Release|x86
		{7D9E2785-79EA-4316-BBA9-4340F32DAB72}.AppStore|iPhone.Deploy.0 = Release|x86
		{7D9E2785-79EA-4316-BBA9-4340F32DAB72}.AppStore|iPhoneSimulator.ActiveCfg = Release|x86
		{7D9E2785-79EA-4316-BBA9-4340F32DAB72}.AppStore|iPhoneSimulator.Build.0 = Release|x86
		{7D9E2785-79EA-4316-BBA9-4340F32DAB72}.AppStore|iPhoneSimulator.Deploy.0 = Release|x86
		{7D9E2785-79EA-4316-BBA9-4340F32DAB72}.AppStore|x64.ActiveCfg = Release|x64
		{7D9E2785-79EA-4316-BBA9-4340F32DAB72}.AppStore|x64.Build.0 = Release|x64
		{7D9E2785-79EA-4316-BBA9-4340F32DAB72}.AppStore|x64.Deploy.0 = Release|x64
		{7D9E2785-79EA-4316-BBA9-4340F32DAB72}.AppStore|x86.ActiveCfg = Release|x86
		{7D9E2785-79EA-4316-BBA9-4340F32DAB72}.AppStore|x86.Build.0 = Release|x86
		{7D9E2785-79EA-4316-BBA9-4340F32DAB72}.AppStore|x86.Deploy.0 = Release|x86
		{7D9E2785-79EA-4316-BBA9-4340F32DAB72}.Debug|Any CPU.ActiveCfg = Debug|x86
		{7D9E2785-79EA-4316-BBA9-4340F32DAB72}.Debug|Any CPU.Build.0 = Debug|x86
		{7D9E2785-79EA-4316-BBA9-4340F32DAB72}.Debug|Any CPU.Deploy.0 = Debug|x86
		{7D9E2785-79EA-4316-BBA9-4340F32DAB72}.Debug|ARM.ActiveCfg = Debug|ARM
		{7D9E2785-79EA-4316-BBA9-4340F32DAB72}.Debug|ARM.Build.0 = Debug|ARM
		{7D9E2785-79EA-4316-BBA9-4340F32DAB72}.Debug|ARM.Deploy.0 = Debug|ARM
		{7D9E2785-79EA-4316-BBA9-4340F32DAB72}.Debug|iPhone.ActiveCfg = Debug|x86
		{7D9E2785-79EA-4316-BBA9-4340F32DAB72}.Debug|iPhone.Build.0 = Debug|x86
		{7D9E2785-79EA-4316-BBA9-4340F32DAB72}.Debug|iPhone.Deploy.0 = Debug|x86
		{7D9E2785-79EA-4316-BBA9-4340F32DAB72}.Debug|iPhoneSimulator.ActiveCfg = Debug|x86
		{7D9E2785-79EA-4316-BBA9-4340F32DAB72}.Debug|iPhoneSimulator.Build.0 = Debug|x86
		{7D9E2785-79EA-4316-BBA9-4340F32DAB72}.Debug|iPhoneSimulator.Deploy.0 = Debug|x86
		{7D9E2785-79EA-4316-BBA9-4340F32DAB72}.Debug|x64.ActiveCfg = Debug|x64
		{7D9E2785-79EA-4316-BBA9-4340F32DAB72}.Debug|x64.Build.0 = Debug|x64
		{7D9E2785-79EA-4316-BBA9-4340F32DAB72}.Debug|x64.Deploy.0 = Debug|x64
		{7D9E2785-79EA-4316-BBA9-4340F32DAB72}.Debug|x86.ActiveCfg = Debug|x86
		{7D9E2785-79EA-4316-BBA9-4340F32DAB72}.Debug|x86.Build.0 = Debug|x86
		{7D9E2785-79EA-4316-BBA9-4340F32DAB72}.Debug|x86.Deploy.0 = Debug|x86
		{7D9E2785-79EA-4316-BBA9-4340F32DAB72}.Release|Any CPU.ActiveCfg = Release|x86
		{7D9E2785-79EA-4316-BBA9-4340F32DAB72}.Release|Any CPU.Build.0 = Release|x86
		{7D9E2785-79EA-4316-BBA9-4340F32DAB72}.Release|Any CPU.Deploy.0 = Release|x86
		{7D9E2785-79EA-4316-BBA9-4340F32DAB72}.Release|ARM.ActiveCfg = Release|ARM
		{7D9E2785-79EA-4316-BBA9-4340F32DAB72}.Release|ARM.Build.0 = Release|ARM
		{7D9E2785-79EA-4316-BBA9-4340F32DAB72}.Release|ARM.Deploy.0 = Release|ARM
		{7D9E2785-79EA-4316-BBA9-4340F32DAB72}.Release|iPhone.ActiveCfg = Release|x86
		{7D9E2785-79EA-4316-BBA9-4340F32DAB72}.Release|iPhone.Build.0 = Release|x86
		{7D9E2785-79EA-4316-BBA9-4340F32DAB72}.Release|iPhone.Deploy.0 = Release|x86
		{7D9E2785-79EA-4316-BBA9-4340F32DAB72}.Release|iPhoneSimulator.ActiveCfg = Release|x86
		{7D9E2785-79EA-4316-BBA9-4340F32DAB72}.Release|iPhoneSimulator.Build.0 = Release|x86
		{7D9E2785-79EA-4316-BBA9-4340F32DAB72}.Release|iPhoneSimulator.Deploy.0 = Release|x86
		{7D9E2785-79EA-4316-BBA9-4340F32DAB72}.Release|x64.ActiveCfg = Release|x64
		{7D9E2785-79EA-4316-BBA9-4340F32DAB72}.Release|x64.Build.0 = Release|x64
		{7D9E2785-79EA-4316-BBA9-4340F32DAB72}.Release|x64.Deploy.0 = Release|x64
		{7D9E2785-79EA-4316-BBA9-4340F32DAB72}.Release|x86.ActiveCfg = Release|x86
		{7D9E2785-79EA-4316-BBA9-4340F32DAB72}.Release|x86.Build.0 = Release|x86
		{7D9E2785-79EA-4316-BBA9-4340F32DAB72}.Release|x86.Deploy.0 = Release|x86
		{62FBCD0F-B7CE-47BA-B40C-40730695FCFE}.Ad-Hoc|Any CPU.ActiveCfg = Debug|Any CPU
		{62FBCD0F-B7CE-47BA-B40C-40730695FCFE}.Ad-Hoc|Any CPU.Build.0 = Debug|Any CPU
		{62FBCD0F-B7CE-47BA-B40C-40730695FCFE}.Ad-Hoc|Any CPU.Deploy.0 = Debug|Any CPU
		{62FBCD0F-B7CE-47BA-B40C-40730695FCFE}.Ad-Hoc|ARM.ActiveCfg = Debug|Any CPU
		{62FBCD0F-B7CE-47BA-B40C-40730695FCFE}.Ad-Hoc|ARM.Build.0 = Debug|Any CPU
		{62FBCD0F-B7CE-47BA-B40C-40730695FCFE}.Ad-Hoc|ARM.Deploy.0 = Debug|Any CPU
		{62FBCD0F-B7CE-47BA-B40C-40730695FCFE}.Ad-Hoc|iPhone.ActiveCfg = Debug|Any CPU
		{62FBCD0F-B7CE-47BA-B40C-40730695FCFE}.Ad-Hoc|iPhone.Build.0 = Debug|Any CPU
		{62FBCD0F-B7CE-47BA-B40C-40730695FCFE}.Ad-Hoc|iPhone.Deploy.0 = Debug|Any CPU
		{62FBCD0F-B7CE-47BA-B40C-40730695FCFE}.Ad-Hoc|iPhoneSimulator.ActiveCfg = Debug|Any CPU
		{62FBCD0F-B7CE-47BA-B40C-40730695FCFE}.Ad-Hoc|iPhoneSimulator.Build.0 = Debug|Any CPU
		{62FBCD0F-B7CE-47BA-B40C-40730695FCFE}.Ad-Hoc|iPhoneSimulator.Deploy.0 = Debug|Any CPU
		{62FBCD0F-B7CE-47BA-B40C-40730695FCFE}.Ad-Hoc|x64.ActiveCfg = Debug|Any CPU
		{62FBCD0F-B7CE-47BA-B40C-40730695FCFE}.Ad-Hoc|x64.Build.0 = Debug|Any CPU
		{62FBCD0F-B7CE-47BA-B40C-40730695FCFE}.Ad-Hoc|x64.Deploy.0 = Debug|Any CPU
		{62FBCD0F-B7CE-47BA-B40C-40730695FCFE}.Ad-Hoc|x86.ActiveCfg = Debug|Any CPU
		{62FBCD0F-B7CE-47BA-B40C-40730695FCFE}.Ad-Hoc|x86.Build.0 = Debug|Any CPU
		{62FBCD0F-B7CE-47BA-B40C-40730695FCFE}.Ad-Hoc|x86.Deploy.0 = Debug|Any CPU
		{62FBCD0F-B7CE-47BA-B40C-40730695FCFE}.AppStore|Any CPU.ActiveCfg = Debug|Any CPU
		{62FBCD0F-B7CE-47BA-B40C-40730695FCFE}.AppStore|Any CPU.Build.0 = Debug|Any CPU
		{62FBCD0F-B7CE-47BA-B40C-40730695FCFE}.AppStore|Any CPU.Deploy.0 = Debug|Any CPU
		{62FBCD0F-B7CE-47BA-B40C-40730695FCFE}.AppStore|ARM.ActiveCfg = Debug|Any CPU
		{62FBCD0F-B7CE-47BA-B40C-40730695FCFE}.AppStore|ARM.Build.0 = Debug|Any CPU
		{62FBCD0F-B7CE-47BA-B40C-40730695FCFE}.AppStore|ARM.Deploy.0 = Debug|Any CPU
		{62FBCD0F-B7CE-47BA-B40C-40730695FCFE}.AppStore|iPhone.ActiveCfg = Debug|Any CPU
		{62FBCD0F-B7CE-47BA-B40C-40730695FCFE}.AppStore|iPhone.Build.0 = Debug|Any CPU
		{62FBCD0F-B7CE-47BA-B40C-40730695FCFE}.AppStore|iPhone.Deploy.0 = Debug|Any CPU
		{62FBCD0F-B7CE-47BA-B40C-40730695FCFE}.AppStore|iPhoneSimulator.ActiveCfg = Debug|Any CPU
		{62FBCD0F-B7CE-47BA-B40C-40730695FCFE}.AppStore|iPhoneSimulator.Build.0 = Debug|Any CPU
		{62FBCD0F-B7CE-47BA-B40C-40730695FCFE}.AppStore|iPhoneSimulator.Deploy.0 = Debug|Any CPU
		{62FBCD0F-B7CE-47BA-B40C-40730695FCFE}.AppStore|x64.ActiveCfg = Debug|Any CPU
		{62FBCD0F-B7CE-47BA-B40C-40730695FCFE}.AppStore|x64.Build.0 = Debug|Any CPU
		{62FBCD0F-B7CE-47BA-B40C-40730695FCFE}.AppStore|x64.Deploy.0 = Debug|Any CPU
		{62FBCD0F-B7CE-47BA-B40C-40730695FCFE}.AppStore|x86.ActiveCfg = Debug|Any CPU
		{62FBCD0F-B7CE-47BA-B40C-40730695FCFE}.AppStore|x86.Build.0 = Debug|Any CPU
		{62FBCD0F-B7CE-47BA-B40C-40730695FCFE}.AppStore|x86.Deploy.0 = Debug|Any CPU
		{62FBCD0F-B7CE-47BA-B40C-40730695FCFE}.Debug|Any CPU.ActiveCfg = Debug|Any CPU
		{62FBCD0F-B7CE-47BA-B40C-40730695FCFE}.Debug|Any CPU.Build.0 = Debug|Any CPU
		{62FBCD0F-B7CE-47BA-B40C-40730695FCFE}.Debug|Any CPU.Deploy.0 = Debug|Any CPU
		{62FBCD0F-B7CE-47BA-B40C-40730695FCFE}.Debug|ARM.ActiveCfg = Debug|Any CPU
		{62FBCD0F-B7CE-47BA-B40C-40730695FCFE}.Debug|ARM.Build.0 = Debug|Any CPU
		{62FBCD0F-B7CE-47BA-B40C-40730695FCFE}.Debug|ARM.Deploy.0 = Debug|Any CPU
		{62FBCD0F-B7CE-47BA-B40C-40730695FCFE}.Debug|iPhone.ActiveCfg = Debug|Any CPU
		{62FBCD0F-B7CE-47BA-B40C-40730695FCFE}.Debug|iPhone.Build.0 = Debug|Any CPU
		{62FBCD0F-B7CE-47BA-B40C-40730695FCFE}.Debug|iPhone.Deploy.0 = Debug|Any CPU
		{62FBCD0F-B7CE-47BA-B40C-40730695FCFE}.Debug|iPhoneSimulator.ActiveCfg = Debug|Any CPU
		{62FBCD0F-B7CE-47BA-B40C-40730695FCFE}.Debug|iPhoneSimulator.Build.0 = Debug|Any CPU
		{62FBCD0F-B7CE-47BA-B40C-40730695FCFE}.Debug|iPhoneSimulator.Deploy.0 = Debug|Any CPU
		{62FBCD0F-B7CE-47BA-B40C-40730695FCFE}.Debug|x64.ActiveCfg = Debug|Any CPU
		{62FBCD0F-B7CE-47BA-B40C-40730695FCFE}.Debug|x64.Build.0 = Debug|Any CPU
		{62FBCD0F-B7CE-47BA-B40C-40730695FCFE}.Debug|x64.Deploy.0 = Debug|Any CPU
		{62FBCD0F-B7CE-47BA-B40C-40730695FCFE}.Debug|x86.ActiveCfg = Debug|Any CPU
		{62FBCD0F-B7CE-47BA-B40C-40730695FCFE}.Debug|x86.Build.0 = Debug|Any CPU
		{62FBCD0F-B7CE-47BA-B40C-40730695FCFE}.Debug|x86.Deploy.0 = Debug|Any CPU
		{62FBCD0F-B7CE-47BA-B40C-40730695FCFE}.Release|Any CPU.ActiveCfg = Release|Any CPU
		{62FBCD0F-B7CE-47BA-B40C-40730695FCFE}.Release|Any CPU.Build.0 = Release|Any CPU
		{62FBCD0F-B7CE-47BA-B40C-40730695FCFE}.Release|Any CPU.Deploy.0 = Release|Any CPU
		{62FBCD0F-B7CE-47BA-B40C-40730695FCFE}.Release|ARM.ActiveCfg = Release|Any CPU
		{62FBCD0F-B7CE-47BA-B40C-40730695FCFE}.Release|ARM.Build.0 = Release|Any CPU
		{62FBCD0F-B7CE-47BA-B40C-40730695FCFE}.Release|ARM.Deploy.0 = Release|Any CPU
		{62FBCD0F-B7CE-47BA-B40C-40730695FCFE}.Release|iPhone.ActiveCfg = Release|Any CPU
		{62FBCD0F-B7CE-47BA-B40C-40730695FCFE}.Release|iPhone.Build.0 = Release|Any CPU
		{62FBCD0F-B7CE-47BA-B40C-40730695FCFE}.Release|iPhone.Deploy.0 = Release|Any CPU
		{62FBCD0F-B7CE-47BA-B40C-40730695FCFE}.Release|iPhoneSimulator.ActiveCfg = Release|Any CPU
		{62FBCD0F-B7CE-47BA-B40C-40730695FCFE}.Release|iPhoneSimulator.Build.0 = Release|Any CPU
		{62FBCD0F-B7CE-47BA-B40C-40730695FCFE}.Release|iPhoneSimulator.Deploy.0 = Release|Any CPU
		{62FBCD0F-B7CE-47BA-B40C-40730695FCFE}.Release|x64.ActiveCfg = Release|Any CPU
		{62FBCD0F-B7CE-47BA-B40C-40730695FCFE}.Release|x64.Build.0 = Release|Any CPU
		{62FBCD0F-B7CE-47BA-B40C-40730695FCFE}.Release|x64.Deploy.0 = Release|Any CPU
		{62FBCD0F-B7CE-47BA-B40C-40730695FCFE}.Release|x86.ActiveCfg = Release|Any CPU
		{62FBCD0F-B7CE-47BA-B40C-40730695FCFE}.Release|x86.Build.0 = Release|Any CPU
		{62FBCD0F-B7CE-47BA-B40C-40730695FCFE}.Release|x86.Deploy.0 = Release|Any CPU
	EndGlobalSection
	GlobalSection(SolutionProperties) = preSolution
		HideSolutionNode = FALSE
	EndGlobalSection
	GlobalSection(ExtensibilityGlobals) = postSolution
		SolutionGuid = {CCF43413-8391-460A-9D9F-8F8234D70AF0}
	EndGlobalSection
EndGlobal
